
Microsoft Visual Studio Solution File, Format Version 12.00
# Visual Studio Version 16
VisualStudioVersion = 16.0.31205.134
MinimumVisualStudioVersion = 10.0.40219.1
Project("{FAE04EC0-301F-11D3-BF4B-00C04F79EFBC}") = "Aceleração Global Dev 9 Avanade", "Aceleração Global Dev 9 Avanade\Aceleração Global Dev 9 Avanade.csproj", "{51F8AF48-33F1-457B-A5AE-C39FE6C74C3D}"
EndProject
Global
	GlobalSection(SolutionConfigurationPlatforms) = preSolution
		Debug|Any CPU = Debug|Any CPU
		Release|Any CPU = Release|Any CPU
	EndGlobalSection
	GlobalSection(ProjectConfigurationPlatforms) = postSolution
		{51F8AF48-33F1-457B-A5AE-C39FE6C74C3D}.Debug|Any CPU.ActiveCfg = Debug|Any CPU
		{51F8AF48-33F1-457B-A5AE-C39FE6C74C3D}.Debug|Any CPU.Build.0 = Debug|Any CPU
		{51F8AF48-33F1-457B-A5AE-C39FE6C74C3D}.Release|Any CPU.ActiveCfg = Release|Any CPU
		{51F8AF48-33F1-457B-A5AE-C39FE6C74C3D}.Release|Any CPU.Build.0 = Release|Any CPU
	EndGlobalSection
	GlobalSection(SolutionProperties) = preSolution
		HideSolutionNode = FALSE
	EndGlobalSection
	GlobalSection(ExtensibilityGlobals) = postSolution
		SolutionGuid = {1685BC1B-5E58-48A2-97EF-F718BA16963C}
	EndGlobalSection
EndGlobal
